<?xml version="1.0" encoding="utf-8"?>
<Project ToolsVersion="4.0" xmlns="http://schemas.microsoft.com/developer/msbuild/2003">
  <ItemGroup>
    <Filter Include="Resource Files">
      <UniqueIdentifier>{67DA6AB6-F800-4c08-8B7A-83BB121AAD01}</UniqueIdentifier>
      <Extensions>rc;ico;cur;bmp;dlg;rc2;rct;bin;rgs;gif;jpg;jpeg;jpe;resx;tiff;tif;png;wav;mfcribbon-ms</Extensions>
    </Filter>
    <Filter Include="nlohmann">
      <UniqueIdentifier>{aa3f1c91-81ac-47e1-998a-76cada05ab37}</UniqueIdentifier>
    </Filter>
  </ItemGroup>
  <ItemGroup>
    <ClInclude Include="ContextMenuHandler.hpp" />
    <ClInclude Include="ClassFactory.hpp" />
    <ClInclude Include="Reg.hpp" />
    <ClInclude Include="Shared.hpp" />
    <ClInclude Include="FileOperations.hpp" />
    <ClInclude Include="nlohmann\json.hpp">
      <Filter>nlohmann</Filter>
    </ClInclude>
    <ClInclude Include="Actions.hpp" />
    <ClInclude Include="MenuItem.hpp" />
    <ClInclude Include="ComUtils.hpp" />
  </ItemGroup>
  <ItemGroup>
    <ClCompile Include="DllMain.cpp" />
    <ClCompile Include="ContextMenuHandler.cpp" />
    <ClCompile Include="ClassFactory.cpp" />
    <ClCompile Include="Reg.cpp" />
    <ClCompile Include="FileOperations.cpp" />
    <ClCompile Include="Actions.cpp" />
    <ClCompile Include="MenuItem.cpp" />
    <ClCompile Include="ComUtils.cpp" />
  </ItemGroup>
  <ItemGroup>
    <None Include="FileTransporter.def" />
  </ItemGroup>
</Project>